// !$*UTF8*$!
{
	archiveVersion = 1;
	classes = {
	};
	objectVersion = 46;
	objects = {

/* Begin PBXBuildFile section */
		772187131A96609D009C6600 /* APIController.swift in Sources */ = {isa = PBXBuildFile; fileRef = 772187121A96609D009C6600 /* APIController.swift */; };
		772187151A967FD3009C6600 /* Blank52.png in Resources */ = {isa = PBXBuildFile; fileRef = 772187141A967FD3009C6600 /* Blank52.png */; };
		772187171A978CE2009C6600 /* Defect.swift in Sources */ = {isa = PBXBuildFile; fileRef = 772187161A978CE2009C6600 /* Defect.swift */; };
		773333CF1A939CE50028BCB7 /* AppDelegate.swift in Sources */ = {isa = PBXBuildFile; fileRef = 773333CE1A939CE50028BCB7 /* AppDelegate.swift */; };
		773333D21A939CE50028BCB7 /* iMaster.xcdatamodeld in Sources */ = {isa = PBXBuildFile; fileRef = 773333D01A939CE50028BCB7 /* iMaster.xcdatamodeld */; };
		773333D41A939CE50028BCB7 /* SearchResultsViewController.swift in Sources */ = {isa = PBXBuildFile; fileRef = 773333D31A939CE50028BCB7 /* SearchResultsViewController.swift */; };
		773333D71A939CE60028BCB7 /* Main.storyboard in Resources */ = {isa = PBXBuildFile; fileRef = 773333D51A939CE60028BCB7 /* Main.storyboard */; };
		773333D91A939CE60028BCB7 /* Images.xcassets in Resources */ = {isa = PBXBuildFile; fileRef = 773333D81A939CE60028BCB7 /* Images.xcassets */; };
		773333DC1A939CE60028BCB7 /* LaunchScreen.xib in Resources */ = {isa = PBXBuildFile; fileRef = 773333DA1A939CE60028BCB7 /* LaunchScreen.xib */; };
		773333F21A939D780028BCB7 /* Entitlements.plist in Resources */ = {isa = PBXBuildFile; fileRef = 773333F11A939D780028BCB7 /* Entitlements.plist */; };
		777DA7171A97A6C1006C7E8E /* DetailsViewController.swift in Sources */ = {isa = PBXBuildFile; fileRef = 777DA7161A97A6C1006C7E8E /* DetailsViewController.swift */; };
		777DA7191A97AE69006C7E8E /* dep13.jpg in Resources */ = {isa = PBXBuildFile; fileRef = 777DA7181A97AE69006C7E8E /* dep13.jpg */; };
		777DA71B1A97C992006C7E8E /* GoogleMaps.framework in Frameworks */ = {isa = PBXBuildFile; fileRef = 777DA71A1A97C992006C7E8E /* GoogleMaps.framework */; };
		777DA71D1A97C9F5006C7E8E /* GoogleMaps.bundle in Resources */ = {isa = PBXBuildFile; fileRef = 777DA71C1A97C9F5006C7E8E /* GoogleMaps.bundle */; };
		777DA71F1A987B2B006C7E8E /* AVFoundation.framework in Frameworks */ = {isa = PBXBuildFile; fileRef = 777DA71E1A987B2B006C7E8E /* AVFoundation.framework */; };
		777DA7211A987B58006C7E8E /* CoreData.framework in Frameworks */ = {isa = PBXBuildFile; fileRef = 777DA7201A987B58006C7E8E /* CoreData.framework */; };
		777DA7231A987B64006C7E8E /* CoreLocation.framework in Frameworks */ = {isa = PBXBuildFile; fileRef = 777DA7221A987B64006C7E8E /* CoreLocation.framework */; };
		777DA7251A987B6C006C7E8E /* CoreText.framework in Frameworks */ = {isa = PBXBuildFile; fileRef = 777DA7241A987B6C006C7E8E /* CoreText.framework */; };
		777DA7271A987B74006C7E8E /* GLKit.framework in Frameworks */ = {isa = PBXBuildFile; fileRef = 777DA7261A987B74006C7E8E /* GLKit.framework */; };
		777DA7291A987B7E006C7E8E /* ImageIO.framework in Frameworks */ = {isa = PBXBuildFile; fileRef = 777DA7281A987B7E006C7E8E /* ImageIO.framework */; };
		777DA72B1A987B8E006C7E8E /* libc++.dylib in Frameworks */ = {isa = PBXBuildFile; fileRef = 777DA72A1A987B8E006C7E8E /* libc++.dylib */; };
		777DA72D1A987B9E006C7E8E /* libicucore.dylib in Frameworks */ = {isa = PBXBuildFile; fileRef = 777DA72C1A987B9E006C7E8E /* libicucore.dylib */; };
		777DA72F1A987BA9006C7E8E /* libz.dylib in Frameworks */ = {isa = PBXBuildFile; fileRef = 777DA72E1A987BA9006C7E8E /* libz.dylib */; };
		777DA7311A987BB3006C7E8E /* OpenGLES.framework in Frameworks */ = {isa = PBXBuildFile; fileRef = 777DA7301A987BB3006C7E8E /* OpenGLES.framework */; };
		777DA7331A987BBB006C7E8E /* QuartzCore.framework in Frameworks */ = {isa = PBXBuildFile; fileRef = 777DA7321A987BBB006C7E8E /* QuartzCore.framework */; };
		777DA7351A987BCA006C7E8E /* SystemConfiguration.framework in Frameworks */ = {isa = PBXBuildFile; fileRef = 777DA7341A987BCA006C7E8E /* SystemConfiguration.framework */; };
		777DA7391A987CB2006C7E8E /* test.m in Sources */ = {isa = PBXBuildFile; fileRef = 777DA7381A987CB2006C7E8E /* test.m */; };
		777DA73B1A9887AA006C7E8E /* MapViewController.swift in Sources */ = {isa = PBXBuildFile; fileRef = 777DA73A1A9887AA006C7E8E /* MapViewController.swift */; };
/* End PBXBuildFile section */

/* Begin PBXContainerItemProxy section */
		773333E21A939CE60028BCB7 /* PBXContainerItemProxy */ = {
			isa = PBXContainerItemProxy;
			containerPortal = 773333C11A939CE50028BCB7 /* Project object */;
			proxyType = 1;
			remoteGlobalIDString = 773333C81A939CE50028BCB7;
			remoteInfo = iMaster;
		};
/* End PBXContainerItemProxy section */

/* Begin PBXFileReference section */
		772187121A96609D009C6600 /* APIController.swift */ = {isa = PBXFileReference; fileEncoding = 4; lastKnownFileType = sourcecode.swift; path = APIController.swift; sourceTree = "<group>"; };
		772187141A967FD3009C6600 /* Blank52.png */ = {isa = PBXFileReference; lastKnownFileType = image.png; name = Blank52.png; path = ../Blank52.png; sourceTree = "<group>"; };
		772187161A978CE2009C6600 /* Defect.swift */ = {isa = PBXFileReference; fileEncoding = 4; lastKnownFileType = sourcecode.swift; path = Defect.swift; sourceTree = "<group>"; };
		773333C91A939CE50028BCB7 /* iMaster.app */ = {isa = PBXFileReference; explicitFileType = wrapper.application; includeInIndex = 0; path = iMaster.app; sourceTree = BUILT_PRODUCTS_DIR; };
		773333CD1A939CE50028BCB7 /* Info.plist */ = {isa = PBXFileReference; lastKnownFileType = text.plist.xml; path = Info.plist; sourceTree = "<group>"; };
		773333CE1A939CE50028BCB7 /* AppDelegate.swift */ = {isa = PBXFileReference; lastKnownFileType = sourcecode.swift; path = AppDelegate.swift; sourceTree = "<group>"; };
		773333D11A939CE50028BCB7 /* iMaster.xcdatamodel */ = {isa = PBXFileReference; lastKnownFileType = wrapper.xcdatamodel; path = iMaster.xcdatamodel; sourceTree = "<group>"; };
		773333D31A939CE50028BCB7 /* SearchResultsViewController.swift */ = {isa = PBXFileReference; lastKnownFileType = sourcecode.swift; path = SearchResultsViewController.swift; sourceTree = "<group>"; };
		773333D61A939CE60028BCB7 /* Base */ = {isa = PBXFileReference; lastKnownFileType = file.storyboard; name = Base; path = Base.lproj/Main.storyboard; sourceTree = "<group>"; };
		773333D81A939CE60028BCB7 /* Images.xcassets */ = {isa = PBXFileReference; lastKnownFileType = folder.assetcatalog; path = Images.xcassets; sourceTree = "<group>"; };
		773333DB1A939CE60028BCB7 /* Base */ = {isa = PBXFileReference; lastKnownFileType = file.xib; name = Base; path = Base.lproj/LaunchScreen.xib; sourceTree = "<group>"; };
		773333E11A939CE60028BCB7 /* iMasterTests.xctest */ = {isa = PBXFileReference; explicitFileType = wrapper.cfbundle; includeInIndex = 0; path = iMasterTests.xctest; sourceTree = BUILT_PRODUCTS_DIR; };
		773333F11A939D780028BCB7 /* Entitlements.plist */ = {isa = PBXFileReference; fileEncoding = 4; lastKnownFileType = text.plist.xml; path = Entitlements.plist; sourceTree = SOURCE_ROOT; };
		777DA7161A97A6C1006C7E8E /* DetailsViewController.swift */ = {isa = PBXFileReference; fileEncoding = 4; lastKnownFileType = sourcecode.swift; path = DetailsViewController.swift; sourceTree = "<group>"; };
		777DA7181A97AE69006C7E8E /* dep13.jpg */ = {isa = PBXFileReference; lastKnownFileType = image.jpeg; path = dep13.jpg; sourceTree = "<group>"; };
		777DA71A1A97C992006C7E8E /* GoogleMaps.framework */ = {isa = PBXFileReference; lastKnownFileType = wrapper.framework; name = GoogleMaps.framework; path = iMaster/GoogleMaps.framework; sourceTree = "<group>"; };
		777DA71C1A97C9F5006C7E8E /* GoogleMaps.bundle */ = {isa = PBXFileReference; lastKnownFileType = "wrapper.plug-in"; name = GoogleMaps.bundle; path = iMaster/GoogleMaps.framework/Versions/A/Resources/GoogleMaps.bundle; sourceTree = "<group>"; };
		777DA71E1A987B2B006C7E8E /* AVFoundation.framework */ = {isa = PBXFileReference; lastKnownFileType = wrapper.framework; name = AVFoundation.framework; path = System/Library/Frameworks/AVFoundation.framework; sourceTree = SDKROOT; };
		777DA7201A987B58006C7E8E /* CoreData.framework */ = {isa = PBXFileReference; lastKnownFileType = wrapper.framework; name = CoreData.framework; path = System/Library/Frameworks/CoreData.framework; sourceTree = SDKROOT; };
		777DA7221A987B64006C7E8E /* CoreLocation.framework */ = {isa = PBXFileReference; lastKnownFileType = wrapper.framework; name = CoreLocation.framework; path = System/Library/Frameworks/CoreLocation.framework; sourceTree = SDKROOT; };
		777DA7241A987B6C006C7E8E /* CoreText.framework */ = {isa = PBXFileReference; lastKnownFileType = wrapper.framework; name = CoreText.framework; path = System/Library/Frameworks/CoreText.framework; sourceTree = SDKROOT; };
		777DA7261A987B74006C7E8E /* GLKit.framework */ = {isa = PBXFileReference; lastKnownFileType = wrapper.framework; name = GLKit.framework; path = System/Library/Frameworks/GLKit.framework; sourceTree = SDKROOT; };
		777DA7281A987B7E006C7E8E /* ImageIO.framework */ = {isa = PBXFileReference; lastKnownFileType = wrapper.framework; name = ImageIO.framework; path = System/Library/Frameworks/ImageIO.framework; sourceTree = SDKROOT; };
		777DA72A1A987B8E006C7E8E /* libc++.dylib */ = {isa = PBXFileReference; lastKnownFileType = "compiled.mach-o.dylib"; name = "libc++.dylib"; path = "usr/lib/libc++.dylib"; sourceTree = SDKROOT; };
		777DA72C1A987B9E006C7E8E /* libicucore.dylib */ = {isa = PBXFileReference; lastKnownFileType = "compiled.mach-o.dylib"; name = libicucore.dylib; path = usr/lib/libicucore.dylib; sourceTree = SDKROOT; };
		777DA72E1A987BA9006C7E8E /* libz.dylib */ = {isa = PBXFileReference; lastKnownFileType = "compiled.mach-o.dylib"; name = libz.dylib; path = usr/lib/libz.dylib; sourceTree = SDKROOT; };
		777DA7301A987BB3006C7E8E /* OpenGLES.framework */ = {isa = PBXFileReference; lastKnownFileType = wrapper.framework; name = OpenGLES.framework; path = System/Library/Frameworks/OpenGLES.framework; sourceTree = SDKROOT; };
		777DA7321A987BBB006C7E8E /* QuartzCore.framework */ = {isa = PBXFileReference; lastKnownFileType = wrapper.framework; name = QuartzCore.framework; path = System/Library/Frameworks/QuartzCore.framework; sourceTree = SDKROOT; };
		777DA7341A987BCA006C7E8E /* SystemConfiguration.framework */ = {isa = PBXFileReference; lastKnownFileType = wrapper.framework; name = SystemConfiguration.framework; path = System/Library/Frameworks/SystemConfiguration.framework; sourceTree = SDKROOT; };
		777DA7371A987CB1006C7E8E /* iMaster-Bridging-Header.h */ = {isa = PBXFileReference; lastKnownFileType = sourcecode.c.h; path = "iMaster-Bridging-Header.h"; sourceTree = SOURCE_ROOT; };
		777DA7381A987CB2006C7E8E /* test.m */ = {isa = PBXFileReference; fileEncoding = 4; lastKnownFileType = sourcecode.c.objc; path = test.m; sourceTree = "<group>"; };
		777DA73A1A9887AA006C7E8E /* MapViewController.swift */ = {isa = PBXFileReference; fileEncoding = 4; lastKnownFileType = sourcecode.swift; path = MapViewController.swift; sourceTree = "<group>"; };
/* End PBXFileReference section */

/* Begin PBXFrameworksBuildPhase section */
		773333C61A939CE50028BCB7 /* Frameworks */ = {
			isa = PBXFrameworksBuildPhase;
			buildActionMask = 2147483647;
			files = (
				777DA7351A987BCA006C7E8E /* SystemConfiguration.framework in Frameworks */,
				777DA7331A987BBB006C7E8E /* QuartzCore.framework in Frameworks */,
				777DA7311A987BB3006C7E8E /* OpenGLES.framework in Frameworks */,
				777DA72F1A987BA9006C7E8E /* libz.dylib in Frameworks */,
				777DA72D1A987B9E006C7E8E /* libicucore.dylib in Frameworks */,
				777DA72B1A987B8E006C7E8E /* libc++.dylib in Frameworks */,
				777DA7291A987B7E006C7E8E /* ImageIO.framework in Frameworks */,
				777DA7271A987B74006C7E8E /* GLKit.framework in Frameworks */,
				777DA7251A987B6C006C7E8E /* CoreText.framework in Frameworks */,
				777DA7231A987B64006C7E8E /* CoreLocation.framework in Frameworks */,
				777DA7211A987B58006C7E8E /* CoreData.framework in Frameworks */,
				777DA71F1A987B2B006C7E8E /* AVFoundation.framework in Frameworks */,
				777DA71B1A97C992006C7E8E /* GoogleMaps.framework in Frameworks */,
			);
			runOnlyForDeploymentPostprocessing = 0;
		};
		773333DE1A939CE60028BCB7 /* Frameworks */ = {
			isa = PBXFrameworksBuildPhase;
			buildActionMask = 2147483647;
			files = (
			);
			runOnlyForDeploymentPostprocessing = 0;
		};
/* End PBXFrameworksBuildPhase section */

/* Begin PBXGroup section */
		773333C01A939CE50028BCB7 = {
			isa = PBXGroup;
			children = (
				777DA7381A987CB2006C7E8E /* test.m */,
				777DA7361A987BE6006C7E8E /* Frameworks */,
				773333CB1A939CE50028BCB7 /* iMaster */,
				773333CA1A939CE50028BCB7 /* Products */,
			);
			sourceTree = "<group>";
		};
		773333CA1A939CE50028BCB7 /* Products */ = {
			isa = PBXGroup;
			children = (
				773333C91A939CE50028BCB7 /* iMaster.app */,
				773333E11A939CE60028BCB7 /* iMasterTests.xctest */,
			);
			name = Products;
			sourceTree = "<group>";
		};
		773333CB1A939CE50028BCB7 /* iMaster */ = {
			isa = PBXGroup;
			children = (
				777DA7371A987CB1006C7E8E /* iMaster-Bridging-Header.h */,
				777DA7181A97AE69006C7E8E /* dep13.jpg */,
				772187141A967FD3009C6600 /* Blank52.png */,
				773333F11A939D780028BCB7 /* Entitlements.plist */,
				773333CE1A939CE50028BCB7 /* AppDelegate.swift */,
				773333D31A939CE50028BCB7 /* SearchResultsViewController.swift */,
				773333D51A939CE60028BCB7 /* Main.storyboard */,
				773333D81A939CE60028BCB7 /* Images.xcassets */,
				773333DA1A939CE60028BCB7 /* LaunchScreen.xib */,
				773333D01A939CE50028BCB7 /* iMaster.xcdatamodeld */,
				773333CC1A939CE50028BCB7 /* Supporting Files */,
				772187121A96609D009C6600 /* APIController.swift */,
				772187161A978CE2009C6600 /* Defect.swift */,
				777DA7161A97A6C1006C7E8E /* DetailsViewController.swift */,
				777DA73A1A9887AA006C7E8E /* MapViewController.swift */,
			);
			path = iMaster;
			sourceTree = "<group>";
		};
		773333CC1A939CE50028BCB7 /* Supporting Files */ = {
			isa = PBXGroup;
			children = (
				773333CD1A939CE50028BCB7 /* Info.plist */,
			);
			name = "Supporting Files";
			sourceTree = "<group>";
		};
		777DA7361A987BE6006C7E8E /* Frameworks */ = {
			isa = PBXGroup;
			children = (
				777DA71C1A97C9F5006C7E8E /* GoogleMaps.bundle */,
				777DA71A1A97C992006C7E8E /* GoogleMaps.framework */,
				777DA7341A987BCA006C7E8E /* SystemConfiguration.framework */,
				777DA7321A987BBB006C7E8E /* QuartzCore.framework */,
				777DA7301A987BB3006C7E8E /* OpenGLES.framework */,
				777DA72E1A987BA9006C7E8E /* libz.dylib */,
				777DA72C1A987B9E006C7E8E /* libicucore.dylib */,
				777DA72A1A987B8E006C7E8E /* libc++.dylib */,
				777DA7281A987B7E006C7E8E /* ImageIO.framework */,
				777DA7261A987B74006C7E8E /* GLKit.framework */,
				777DA7241A987B6C006C7E8E /* CoreText.framework */,
				777DA7221A987B64006C7E8E /* CoreLocation.framework */,
				777DA7201A987B58006C7E8E /* CoreData.framework */,
				777DA71E1A987B2B006C7E8E /* AVFoundation.framework */,
			);
			name = Frameworks;
			sourceTree = "<group>";
		};
/* End PBXGroup section */

/* Begin PBXNativeTarget section */
		773333C81A939CE50028BCB7 /* iMaster */ = {
			isa = PBXNativeTarget;
			buildConfigurationList = 773333EB1A939CE60028BCB7 /* Build configuration list for PBXNativeTarget "iMaster" */;
			buildPhases = (
				773333C51A939CE50028BCB7 /* Sources */,
				773333C61A939CE50028BCB7 /* Frameworks */,
				773333C71A939CE50028BCB7 /* Resources */,
			);
			buildRules = (
			);
			dependencies = (
			);
			name = iMaster;
			productName = iMaster;
			productReference = 773333C91A939CE50028BCB7 /* iMaster.app */;
			productType = "com.apple.product-type.application";
		};
		773333E01A939CE60028BCB7 /* iMasterTests */ = {
			isa = PBXNativeTarget;
			buildConfigurationList = 773333EE1A939CE60028BCB7 /* Build configuration list for PBXNativeTarget "iMasterTests" */;
			buildPhases = (
				773333DD1A939CE60028BCB7 /* Sources */,
				773333DE1A939CE60028BCB7 /* Frameworks */,
				773333DF1A939CE60028BCB7 /* Resources */,
			);
			buildRules = (
			);
			dependencies = (
				773333E31A939CE60028BCB7 /* PBXTargetDependency */,
			);
			name = iMasterTests;
			productName = iMasterTests;
			productReference = 773333E11A939CE60028BCB7 /* iMasterTests.xctest */;
			productType = "com.apple.product-type.bundle.unit-test";
		};
/* End PBXNativeTarget section */

/* Begin PBXProject section */
		773333C11A939CE50028BCB7 /* Project object */ = {
			isa = PBXProject;
			attributes = {
				LastUpgradeCheck = 0610;
				ORGANIZATIONNAME = imsut;
				TargetAttributes = {
					773333C81A939CE50028BCB7 = {
						CreatedOnToolsVersion = 6.1.1;
					};
					773333E01A939CE60028BCB7 = {
						CreatedOnToolsVersion = 6.1.1;
						TestTargetID = 773333C81A939CE50028BCB7;
					};
				};
			};
			buildConfigurationList = 773333C41A939CE50028BCB7 /* Build configuration list for PBXProject "iMaster" */;
			compatibilityVersion = "Xcode 3.2";
			developmentRegion = English;
			hasScannedForEncodings = 0;
			knownRegions = (
				en,
				Base,
			);
			mainGroup = 773333C01A939CE50028BCB7;
			productRefGroup = 773333CA1A939CE50028BCB7 /* Products */;
			projectDirPath = "";
			projectRoot = "";
			targets = (
				773333C81A939CE50028BCB7 /* iMaster */,
				773333E01A939CE60028BCB7 /* iMasterTests */,
			);
		};
/* End PBXProject section */

/* Begin PBXResourcesBuildPhase section */
		773333C71A939CE50028BCB7 /* Resources */ = {
			isa = PBXResourcesBuildPhase;
			buildActionMask = 2147483647;
			files = (
				773333F21A939D780028BCB7 /* Entitlements.plist in Resources */,
				773333D71A939CE60028BCB7 /* Main.storyboard in Resources */,
				772187151A967FD3009C6600 /* Blank52.png in Resources */,
				777DA7191A97AE69006C7E8E /* dep13.jpg in Resources */,
				773333DC1A939CE60028BCB7 /* LaunchScreen.xib in Resources */,
				773333D91A939CE60028BCB7 /* Images.xcassets in Resources */,
				777DA71D1A97C9F5006C7E8E /* GoogleMaps.bundle in Resources */,
			);
			runOnlyForDeploymentPostprocessing = 0;
		};
		773333DF1A939CE60028BCB7 /* Resources */ = {
			isa = PBXResourcesBuildPhase;
			buildActionMask = 2147483647;
			files = (
			);
			runOnlyForDeploymentPostprocessing = 0;
		};
/* End PBXResourcesBuildPhase section */

/* Begin PBXSourcesBuildPhase section */
		773333C51A939CE50028BCB7 /* Sources */ = {
			isa = PBXSourcesBuildPhase;
			buildActionMask = 2147483647;
			files = (
				777DA7391A987CB2006C7E8E /* test.m in Sources */,
				772187171A978CE2009C6600 /* Defect.swift in Sources */,
				772187131A96609D009C6600 /* APIController.swift in Sources */,
				773333D41A939CE50028BCB7 /* SearchResultsViewController.swift in Sources */,
				773333CF1A939CE50028BCB7 /* AppDelegate.swift in Sources */,
				773333D21A939CE50028BCB7 /* iMaster.xcdatamodeld in Sources */,
				777DA7171A97A6C1006C7E8E /* DetailsViewController.swift in Sources */,
				777DA73B1A9887AA006C7E8E /* MapViewController.swift in Sources */,
			);
			runOnlyForDeploymentPostprocessing = 0;
		};
		773333DD1A939CE60028BCB7 /* Sources */ = {
			isa = PBXSourcesBuildPhase;
			buildActionMask = 2147483647;
			files = (
			);
			runOnlyForDeploymentPostprocessing = 0;
		};
/* End PBXSourcesBuildPhase section */

/* Begin PBXTargetDependency section */
		773333E31A939CE60028BCB7 /* PBXTargetDependency */ = {
			isa = PBXTargetDependency;
			target = 773333C81A939CE50028BCB7 /* iMaster */;
			targetProxy = 773333E21A939CE60028BCB7 /* PBXContainerItemProxy */;
		};
/* End PBXTargetDependency section */

/* Begin PBXVariantGroup section */
		773333D51A939CE60028BCB7 /* Main.storyboard */ = {
			isa = PBXVariantGroup;
			children = (
				773333D61A939CE60028BCB7 /* Base */,
			);
			name = Main.storyboard;
			sourceTree = "<group>";
		};
		773333DA1A939CE60028BCB7 /* LaunchScreen.xib */ = {
			isa = PBXVariantGroup;
			children = (
				773333DB1A939CE60028BCB7 /* Base */,
			);
			name = LaunchScreen.xib;
			sourceTree = "<group>";
		};
/* End PBXVariantGroup section */

/* Begin XCBuildConfiguration section */
		773333E91A939CE60028BCB7 /* Debug */ = {
			isa = XCBuildConfiguration;
			buildSettings = {
				ALWAYS_SEARCH_USER_PATHS = NO;
				CLANG_CXX_LANGUAGE_STANDARD = "gnu++0x";
				CLANG_CXX_LIBRARY = "libc++";
				CLANG_ENABLE_MODULES = YES;
				CLANG_ENABLE_OBJC_ARC = YES;
				CLANG_WARN_BOOL_CONVERSION = YES;
				CLANG_WARN_CONSTANT_CONVERSION = YES;
				CLANG_WARN_DIRECT_OBJC_ISA_USAGE = YES_ERROR;
				CLANG_WARN_EMPTY_BODY = YES;
				CLANG_WARN_ENUM_CONVERSION = YES;
				CLANG_WARN_INT_CONVERSION = YES;
				CLANG_WARN_OBJC_ROOT_CLASS = YES_ERROR;
				CLANG_WARN_UNREACHABLE_CODE = YES;
				CLANG_WARN__DUPLICATE_METHOD_MATCH = YES;
				CODE_SIGN_ENTITLEMENTS = Entitlements.plist;
				CODE_SIGN_IDENTITY = "-";
				"CODE_SIGN_IDENTITY[sdk=iphoneos*]" = "-";
				COPY_PHASE_STRIP = NO;
				ENABLE_STRICT_OBJC_MSGSEND = YES;
				GCC_C_LANGUAGE_STANDARD = gnu99;
				GCC_DYNAMIC_NO_PIC = NO;
				GCC_OPTIMIZATION_LEVEL = 0;
				GCC_PREPROCESSOR_DEFINITIONS = (
					"DEBUG=1",
					"$(inherited)",
				);
				GCC_SYMBOLS_PRIVATE_EXTERN = NO;
				GCC_WARN_64_TO_32_BIT_CONVERSION = YES;
				GCC_WARN_ABOUT_RETURN_TYPE = YES_ERROR;
				GCC_WARN_UNDECLARED_SELECTOR = YES;
				GCC_WARN_UNINITIALIZED_AUTOS = YES_AGGRESSIVE;
				GCC_WARN_UNUSED_FUNCTION = YES;
				GCC_WARN_UNUSED_VARIABLE = YES;
				IPHONEOS_DEPLOYMENT_TARGET = 8.1;
				MTL_ENABLE_DEBUG_INFO = YES;
				ONLY_ACTIVE_ARCH = YES;
				SDKROOT = iphoneos;
				SWIFT_OPTIMIZATION_LEVEL = "-Onone";
			};
			name = Debug;
		};
		773333EA1A939CE60028BCB7 /* Release */ = {
			isa = XCBuildConfiguration;
			buildSettings = {
				ALWAYS_SEARCH_USER_PATHS = NO;
				CLANG_CXX_LANGUAGE_STANDARD = "gnu++0x";
				CLANG_CXX_LIBRARY = "libc++";
				CLANG_ENABLE_MODULES = YES;
				CLANG_ENABLE_OBJC_ARC = YES;
				CLANG_WARN_BOOL_CONVERSION = YES;
				CLANG_WARN_CONSTANT_CONVERSION = YES;
				CLANG_WARN_DIRECT_OBJC_ISA_USAGE = YES_ERROR;
				CLANG_WARN_EMPTY_BODY = YES;
				CLANG_WARN_ENUM_CONVERSION = YES;
				CLANG_WARN_INT_CONVERSION = YES;
				CLANG_WARN_OBJC_ROOT_CLASS = YES_ERROR;
				CLANG_WARN_UNREACHABLE_CODE = YES;
				CLANG_WARN__DUPLICATE_METHOD_MATCH = YES;
				CODE_SIGN_ENTITLEMENTS = Entitlements.plist;
				CODE_SIGN_IDENTITY = "-";
				"CODE_SIGN_IDENTITY[sdk=iphoneos*]" = "-";
				COPY_PHASE_STRIP = YES;
				ENABLE_NS_ASSERTIONS = NO;
				ENABLE_STRICT_OBJC_MSGSEND = YES;
				GCC_C_LANGUAGE_STANDARD = gnu99;
				GCC_WARN_64_TO_32_BIT_CONVERSION = YES;
				GCC_WARN_ABOUT_RETURN_TYPE = YES_ERROR;
				GCC_WARN_UNDECLARED_SELECTOR = YES;
				GCC_WARN_UNINITIALIZED_AUTOS = YES_AGGRESSIVE;
				GCC_WARN_UNUSED_FUNCTION = YES;
				GCC_WARN_UNUSED_VARIABLE = YES;
				IPHONEOS_DEPLOYMENT_TARGET = 8.1;
				MTL_ENABLE_DEBUG_INFO = NO;
				SDKROOT = iphoneos;
				VALIDATE_PRODUCT = YES;
			};
			name = Release;
		};
		773333EC1A939CE60028BCB7 /* Debug */ = {
			isa = XCBuildConfiguration;
			buildSettings = {
				ASSETCATALOG_COMPILER_APPICON_NAME = AppIcon;
				CLANG_ENABLE_MODULES = YES;
				FRAMEWORK_SEARCH_PATHS = (
					"$(inherited)",
					"$(PROJECT_DIR)/iMaster",
				);
				INFOPLIST_FILE = iMaster/Info.plist;
				LD_RUNPATH_SEARCH_PATHS = "$(inherited) @executable_path/Frameworks";
				"OTHER_LDFLAGS[arch=*]" = "-ObjC";
				PRODUCT_NAME = iMaster;
				SWIFT_OBJC_BRIDGING_HEADER = "iMaster-Bridging-Header.h";
				SWIFT_OPTIMIZATION_LEVEL = "-Onone";
			};
			name = Debug;
		};
		773333ED1A939CE60028BCB7 /* Release */ = {
			isa = XCBuildConfiguration;
			buildSettings = {
				ASSETCATALOG_COMPILER_APPICON_NAME = AppIcon;
				CLANG_ENABLE_MODULES = YES;
				FRAMEWORK_SEARCH_PATHS = (
					"$(inherited)",
					"$(PROJECT_DIR)/iMaster",
				);
				INFOPLIST_FILE = iMaster/Info.plist;
				LD_RUNPATH_SEARCH_PATHS = "$(inherited) @executable_path/Frameworks";
				"OTHER_LDFLAGS[arch=*]" = "-ObjC";
				PRODUCT_NAME = iMaster;
				SWIFT_OBJC_BRIDGING_HEADER = "iMaster-Bridging-Header.h";
			};
			name = Release;
		};
		773333EF1A939CE60028BCB7 /* Debug */ = {
			isa = XCBuildConfiguration;
			buildSettings = {
				BUNDLE_LOADER = "$(TEST_HOST)";
				FRAMEWORK_SEARCH_PATHS = (
					"$(SDKROOT)/Developer/Library/Frameworks",
					"$(inherited)",
				);
				GCC_PREPROCESSOR_DEFINITIONS = (
					"DEBUG=1",
					"$(inherited)",
				);
				INFOPLIST_FILE = iMasterTests/Info.plist;
				LD_RUNPATH_SEARCH_PATHS = "$(inherited) @executable_path/Frameworks @loader_path/Frameworks";
				PRODUCT_NAME = iMasterTests;
				TEST_HOST = "$(BUILT_PRODUCTS_DIR)/iMaster.app/iMaster";
			};
			name = Debug;
		};
		773333F01A939CE60028BCB7 /* Release */ = {
			isa = XCBuildConfiguration;
			buildSettings = {
				BUNDLE_LOADER = "$(TEST_HOST)";
				FRAMEWORK_SEARCH_PATHS = (
					"$(SDKROOT)/Developer/Library/Frameworks",
					"$(inherited)",
				);
				INFOPLIST_FILE = iMasterTests/Info.plist;
				LD_RUNPATH_SEARCH_PATHS = "$(inherited) @executable_path/Frameworks @loader_path/Frameworks";
				PRODUCT_NAME = iMasterTests;
				TEST_HOST = "$(BUILT_PRODUCTS_DIR)/iMaster.app/iMaster";
			};
			name = Release;
		};
/* End XCBuildConfiguration section */

/* Begin XCConfigurationList section */
		773333C41A939CE50028BCB7 /* Build configuration list for PBXProject "iMaster" */ = {
			isa = XCConfigurationList;
			buildConfigurations = (
				773333E91A939CE60028BCB7 /* Debug */,
				773333EA1A939CE60028BCB7 /* Release */,
			);
			defaultConfigurationIsVisible = 0;
			defaultConfigurationName = Release;
		};
		773333EB1A939CE60028BCB7 /* Build configuration list for PBXNativeTarget "iMaster" */ = {
			isa = XCConfigurationList;
			buildConfigurations = (
				773333EC1A939CE60028BCB7 /* Debug */,
				773333ED1A939CE60028BCB7 /* Release */,
			);
			defaultConfigurationIsVisible = 0;
			defaultConfigurationName = Release;
		};
		773333EE1A939CE60028BCB7 /* Build configuration list for PBXNativeTarget "iMasterTests" */ = {
			isa = XCConfigurationList;
			buildConfigurations = (
				773333EF1A939CE60028BCB7 /* Debug */,
				773333F01A939CE60028BCB7 /* Release */,
			);
			defaultConfigurationIsVisible = 0;
			defaultConfigurationName = Release;
		};
/* End XCConfigurationList section */

/* Begin XCVersionGroup section */
		773333D01A939CE50028BCB7 /* iMaster.xcdatamodeld */ = {
			isa = XCVersionGroup;
			children = (
				773333D11A939CE50028BCB7 /* iMaster.xcdatamodel */,
			);
			currentVersion = 773333D11A939CE50028BCB7 /* iMaster.xcdatamodel */;
			path = iMaster.xcdatamodeld;
			sourceTree = "<group>";
			versionGroupType = wrapper.xcdatamodel;
		};
/* End XCVersionGroup section */
	};
	rootObject = 773333C11A939CE50028BCB7 /* Project object */;
}
